github.com/neo4j/neo4j-go-driver/v5 v5.28.4 h1:7toxehVcYkZbyxV4W3Ib9VcnyRBQPucF+VwNNmtSXi4=
github.com/neo4j/neo4j-go-driver/v5 v5.28.4/go.mod h1:Vff8OwT7QpLm7L2yYr85XNWe9Rbqlbeb9asNXJTHO4k=
github.com/vjeantet/grok v1.0.1 h1:2rhIR7J4gThTgcZ1m2JY4TrJZNgjn985U28kT2wQrJ4=
github.com/vjeantet/grok v1.0.1/go.mod h1:ax1aAchzC6/QMXMcyzHQGZWaW1l195+uMYIkCWPCNIo=
